
Microsoft Visual Studio Solution File, Format Version 12.00
# Visual Studio Version 16
VisualStudioVersion = 16.0.35425.106
MinimumVisualStudioVersion = 10.0.40219.1
Project("{FAE04EC0-301F-11D3-BF4B-00C04F79EFBC}") = "Deep Ports", "Deep Ports.csproj", "{188FC417-96F9-412E-8EEB-59AABC0E5455}"
EndProject
Global
	GlobalSection(SolutionConfigurationPlatforms) = preSolution
		Debug|Any CPU = Debug|Any CPU
		Release|Any CPU = Release|Any CPU
	EndGlobalSection
	GlobalSection(ProjectConfigurationPlatforms) = postSolution
		{188FC417-96F9-412E-8EEB-59AABC0E5455}.Debug|Any CPU.ActiveCfg = Debug|Any CPU
		{188FC417-96F9-412E-8EEB-59AABC0E5455}.Debug|Any CPU.Build.0 = Debug|Any CPU
		{188FC417-96F9-412E-8EEB-59AABC0E5455}.Release|Any CPU.ActiveCfg = Release|Any CPU
		{188FC417-96F9-412E-8EEB-59AABC0E5455}.Release|Any CPU.Build.0 = Release|Any CPU
	EndGlobalSection
	GlobalSection(SolutionProperties) = preSolution
		HideSolutionNode = FALSE
	EndGlobalSection
	GlobalSection(ExtensibilityGlobals) = postSolution
		SolutionGuid = {1DADDE40-CC0C-4D96-B596-9123312301F1}
	EndGlobalSection
EndGlobal
